
Microsoft Visual Studio Solution File, Format Version 12.00
# Visual Studio 15
Project("{FAE04EC0-301F-11D3-BF4B-00C04F79EFBC}") = "Assembly-CSharp", "Assembly-CSharp.csproj", "{F61FD365-B91F-F299-9BAE-FEA9CC9ED356}"
EndProject
Project("{FAE04EC0-301F-11D3-BF4B-00C04F79EFBC}") = "Assembly-CSharp-Editor", "Assembly-CSharp-Editor.csproj", "{8BD5A91C-89DD-D857-2E13-822119DD1DEE}"
EndProject
Global
	GlobalSection(SolutionConfigurationPlatforms) = preSolution
		Debug|Any CPU = Debug|Any CPU
		Release|Any CPU = Release|Any CPU
	EndGlobalSection
	GlobalSection(ProjectConfigurationPlatforms) = postSolution
		{F61FD365-B91F-F299-9BAE-FEA9CC9ED356}.Debug|Any CPU.ActiveCfg = Debug|Any CPU
		{F61FD365-B91F-F299-9BAE-FEA9CC9ED356}.Debug|Any CPU.Build.0 = Debug|Any CPU
		{F61FD365-B91F-F299-9BAE-FEA9CC9ED356}.Release|Any CPU.ActiveCfg = Release|Any CPU
		{F61FD365-B91F-F299-9BAE-FEA9CC9ED356}.Release|Any CPU.Build.0 = Release|Any CPU
		{8BD5A91C-89DD-D857-2E13-822119DD1DEE}.Debug|Any CPU.ActiveCfg = Debug|Any CPU
		{8BD5A91C-89DD-D857-2E13-822119DD1DEE}.Debug|Any CPU.Build.0 = Debug|Any CPU
		{8BD5A91C-89DD-D857-2E13-822119DD1DEE}.Release|Any CPU.ActiveCfg = Release|Any CPU
		{8BD5A91C-89DD-D857-2E13-822119DD1DEE}.Release|Any CPU.Build.0 = Release|Any CPU
	EndGlobalSection
	GlobalSection(SolutionProperties) = preSolution
		HideSolutionNode = FALSE
	EndGlobalSection
EndGlobal
